
Microsoft Visual Studio Solution File, Format Version 12.00
# Visual Studio Version 16
VisualStudioVersion = 16.0.29123.89
MinimumVisualStudioVersion = 10.0.40219.1
Project("{9A19103F-16F7-4668-BE54-9A1E7A4F7556}") = "WpfBasicForcedLogin", "WpfBasicForcedLogin\WpfBasicForcedLogin.csproj", "{99E93BB3-BA63-4A1D-B25C-10BC4FB066B7}"
EndProject
Project("{9A19103F-16F7-4668-BE54-9A1E7A4F7556}") = "WpfBasicForcedLogin.Core", "WpfBasicForcedLogin.Core\WpfBasicForcedLogin.Core.csproj", "{D04B7A19-2365-45DB-AD45-7907A2087126}"
EndProject
Project("{FAE04EC0-301F-11D3-BF4B-00C04F79EFBC}") = "UwpBasicForcedLogin", "UwpBasicForcedLogin\UwpBasicForcedLogin.csproj", "{F7E048FB-31FC-4B8F-8B3B-3655CDA7EAD6}"
EndProject
Project("{9A19103F-16F7-4668-BE54-9A1E7A4F7556}") = "WpfLightForcedLogin", "WpfLightForcedLogin\WpfLightForcedLogin.csproj", "{91D3E44E-7BBA-41EB-9F4C-0FCF310140AD}"
EndProject
Project("{9A19103F-16F7-4668-BE54-9A1E7A4F7556}") = "WpfPrismForcedLogin", "WpfPrismForcedLogin\WpfPrismForcedLogin.csproj", "{6DB37C6C-336E-4DE4-A9F0-341788D0320A}"
EndProject
Global
	GlobalSection(SolutionConfigurationPlatforms) = preSolution
		Debug|Any CPU = Debug|Any CPU
		Debug|ARM = Debug|ARM
		Debug|ARM64 = Debug|ARM64
		Debug|x64 = Debug|x64
		Debug|x86 = Debug|x86
		Release|Any CPU = Release|Any CPU
		Release|ARM = Release|ARM
		Release|ARM64 = Release|ARM64
		Release|x64 = Release|x64
		Release|x86 = Release|x86
	EndGlobalSection
	GlobalSection(ProjectConfigurationPlatforms) = postSolution
		{99E93BB3-BA63-4A1D-B25C-10BC4FB066B7}.Debug|Any CPU.ActiveCfg = Debug|Any CPU
		{99E93BB3-BA63-4A1D-B25C-10BC4FB066B7}.Debug|Any CPU.Build.0 = Debug|Any CPU
		{99E93BB3-BA63-4A1D-B25C-10BC4FB066B7}.Debug|ARM.ActiveCfg = Debug|Any CPU
		{99E93BB3-BA63-4A1D-B25C-10BC4FB066B7}.Debug|ARM.Build.0 = Debug|Any CPU
		{99E93BB3-BA63-4A1D-B25C-10BC4FB066B7}.Debug|ARM64.ActiveCfg = Debug|Any CPU
		{99E93BB3-BA63-4A1D-B25C-10BC4FB066B7}.Debug|ARM64.Build.0 = Debug|Any CPU
		{99E93BB3-BA63-4A1D-B25C-10BC4FB066B7}.Debug|x64.ActiveCfg = Debug|Any CPU
		{99E93BB3-BA63-4A1D-B25C-10BC4FB066B7}.Debug|x64.Build.0 = Debug|Any CPU
		{99E93BB3-BA63-4A1D-B25C-10BC4FB066B7}.Debug|x86.ActiveCfg = Debug|Any CPU
		{99E93BB3-BA63-4A1D-B25C-10BC4FB066B7}.Debug|x86.Build.0 = Debug|Any CPU
		{99E93BB3-BA63-4A1D-B25C-10BC4FB066B7}.Release|Any CPU.ActiveCfg = Release|Any CPU
		{99E93BB3-BA63-4A1D-B25C-10BC4FB066B7}.Release|Any CPU.Build.0 = Release|Any CPU
		{99E93BB3-BA63-4A1D-B25C-10BC4FB066B7}.Release|ARM.ActiveCfg = Release|Any CPU
		{99E93BB3-BA63-4A1D-B25C-10BC4FB066B7}.Release|ARM.Build.0 = Release|Any CPU
		{99E93BB3-BA63-4A1D-B25C-10BC4FB066B7}.Release|ARM64.ActiveCfg = Release|Any CPU
		{99E93BB3-BA63-4A1D-B25C-10BC4FB066B7}.Release|ARM64.Build.0 = Release|Any CPU
		{99E93BB3-BA63-4A1D-B25C-10BC4FB066B7}.Release|x64.ActiveCfg = Release|Any CPU
		{99E93BB3-BA63-4A1D-B25C-10BC4FB066B7}.Release|x64.Build.0 = Release|Any CPU
		{99E93BB3-BA63-4A1D-B25C-10BC4FB066B7}.Release|x86.ActiveCfg = Release|Any CPU
		{99E93BB3-BA63-4A1D-B25C-10BC4FB066B7}.Release|x86.Build.0 = Release|Any CPU
		{D04B7A19-2365-45DB-AD45-7907A2087126}.Debug|Any CPU.ActiveCfg = Debug|Any CPU
		{D04B7A19-2365-45DB-AD45-7907A2087126}.Debug|Any CPU.Build.0 = Debug|Any CPU
		{D04B7A19-2365-45DB-AD45-7907A2087126}.Debug|ARM.ActiveCfg = Debug|Any CPU
		{D04B7A19-2365-45DB-AD45-7907A2087126}.Debug|ARM.Build.0 = Debug|Any CPU
		{D04B7A19-2365-45DB-AD45-7907A2087126}.Debug|ARM64.ActiveCfg = Debug|Any CPU
		{D04B7A19-2365-45DB-AD45-7907A2087126}.Debug|ARM64.Build.0 = Debug|Any CPU
		{D04B7A19-2365-45DB-AD45-7907A2087126}.Debug|x64.ActiveCfg = Debug|Any CPU
		{D04B7A19-2365-45DB-AD45-7907A2087126}.Debug|x64.Build.0 = Debug|Any CPU
		{D04B7A19-2365-45DB-AD45-7907A2087126}.Debug|x86.ActiveCfg = Debug|Any CPU
		{D04B7A19-2365-45DB-AD45-7907A2087126}.Debug|x86.Build.0 = Debug|Any CPU
		{D04B7A19-2365-45DB-AD45-7907A2087126}.Release|Any CPU.ActiveCfg = Release|Any CPU
		{D04B7A19-2365-45DB-AD45-7907A2087126}.Release|Any CPU.Build.0 = Release|Any CPU
		{D04B7A19-2365-45DB-AD45-7907A2087126}.Release|ARM.ActiveCfg = Release|Any CPU
		{D04B7A19-2365-45DB-AD45-7907A2087126}.Release|ARM.Build.0 = Release|Any CPU
		{D04B7A19-2365-45DB-AD45-7907A2087126}.Release|ARM64.ActiveCfg = Release|Any CPU
		{D04B7A19-2365-45DB-AD45-7907A2087126}.Release|ARM64.Build.0 = Release|Any CPU
		{D04B7A19-2365-45DB-AD45-7907A2087126}.Release|x64.ActiveCfg = Release|Any CPU
		{D04B7A19-2365-45DB-AD45-7907A2087126}.Release|x64.Build.0 = Release|Any CPU
		{D04B7A19-2365-45DB-AD45-7907A2087126}.Release|x86.ActiveCfg = Release|Any CPU
		{D04B7A19-2365-45DB-AD45-7907A2087126}.Release|x86.Build.0 = Release|Any CPU
		{F7E048FB-31FC-4B8F-8B3B-3655CDA7EAD6}.Debug|Any CPU.ActiveCfg = Debug|x86
		{F7E048FB-31FC-4B8F-8B3B-3655CDA7EAD6}.Debug|ARM.ActiveCfg = Debug|ARM
		{F7E048FB-31FC-4B8F-8B3B-3655CDA7EAD6}.Debug|ARM.Build.0 = Debug|ARM
		{F7E048FB-31FC-4B8F-8B3B-3655CDA7EAD6}.Debug|ARM.Deploy.0 = Debug|ARM
		{F7E048FB-31FC-4B8F-8B3B-3655CDA7EAD6}.Debug|ARM64.ActiveCfg = Debug|ARM64
		{F7E048FB-31FC-4B8F-8B3B-3655CDA7EAD6}.Debug|ARM64.Build.0 = Debug|ARM64
		{F7E048FB-31FC-4B8F-8B3B-3655CDA7EAD6}.Debug|ARM64.Deploy.0 = Debug|ARM64
		{F7E048FB-31FC-4B8F-8B3B-3655CDA7EAD6}.Debug|x64.ActiveCfg = Debug|x64
		{F7E048FB-31FC-4B8F-8B3B-3655CDA7EAD6}.Debug|x64.Build.0 = Debug|x64
		{F7E048FB-31FC-4B8F-8B3B-3655CDA7EAD6}.Debug|x64.Deploy.0 = Debug|x64
		{F7E048FB-31FC-4B8F-8B3B-3655CDA7EAD6}.Debug|x86.ActiveCfg = Debug|x86
		{F7E048FB-31FC-4B8F-8B3B-3655CDA7EAD6}.Debug|x86.Build.0 = Debug|x86
		{F7E048FB-31FC-4B8F-8B3B-3655CDA7EAD6}.Debug|x86.Deploy.0 = Debug|x86
		{F7E048FB-31FC-4B8F-8B3B-3655CDA7EAD6}.Release|Any CPU.ActiveCfg = Release|x86
		{F7E048FB-31FC-4B8F-8B3B-3655CDA7EAD6}.Release|ARM.ActiveCfg = Release|ARM
		{F7E048FB-31FC-4B8F-8B3B-3655CDA7EAD6}.Release|ARM.Build.0 = Release|ARM
		{F7E048FB-31FC-4B8F-8B3B-3655CDA7EAD6}.Release|ARM.Deploy.0 = Release|ARM
		{F7E048FB-31FC-4B8F-8B3B-3655CDA7EAD6}.Release|ARM64.ActiveCfg = Release|ARM64
		{F7E048FB-31FC-4B8F-8B3B-3655CDA7EAD6}.Release|ARM64.Build.0 = Release|ARM64
		{F7E048FB-31FC-4B8F-8B3B-3655CDA7EAD6}.Release|ARM64.Deploy.0 = Release|ARM64
		{F7E048FB-31FC-4B8F-8B3B-3655CDA7EAD6}.Release|x64.ActiveCfg = Release|x64
		{F7E048FB-31FC-4B8F-8B3B-3655CDA7EAD6}.Release|x64.Build.0 = Release|x64
		{F7E048FB-31FC-4B8F-8B3B-3655CDA7EAD6}.Release|x64.Deploy.0 = Release|x64
		{F7E048FB-31FC-4B8F-8B3B-3655CDA7EAD6}.Release|x86.ActiveCfg = Release|x86
		{F7E048FB-31FC-4B8F-8B3B-3655CDA7EAD6}.Release|x86.Build.0 = Release|x86
		{F7E048FB-31FC-4B8F-8B3B-3655CDA7EAD6}.Release|x86.Deploy.0 = Release|x86
		{91D3E44E-7BBA-41EB-9F4C-0FCF310140AD}.Debug|Any CPU.ActiveCfg = Debug|Any CPU
		{91D3E44E-7BBA-41EB-9F4C-0FCF310140AD}.Debug|Any CPU.Build.0 = Debug|Any CPU
		{91D3E44E-7BBA-41EB-9F4C-0FCF310140AD}.Debug|ARM.ActiveCfg = Debug|Any CPU
		{91D3E44E-7BBA-41EB-9F4C-0FCF310140AD}.Debug|ARM.Build.0 = Debug|Any CPU
		{91D3E44E-7BBA-41EB-9F4C-0FCF310140AD}.Debug|ARM64.ActiveCfg = Debug|Any CPU
		{91D3E44E-7BBA-41EB-9F4C-0FCF310140AD}.Debug|ARM64.Build.0 = Debug|Any CPU
		{91D3E44E-7BBA-41EB-9F4C-0FCF310140AD}.Debug|x64.ActiveCfg = Debug|Any CPU
		{91D3E44E-7BBA-41EB-9F4C-0FCF310140AD}.Debug|x64.Build.0 = Debug|Any CPU
		{91D3E44E-7BBA-41EB-9F4C-0FCF310140AD}.Debug|x86.ActiveCfg = Debug|Any CPU
		{91D3E44E-7BBA-41EB-9F4C-0FCF310140AD}.Debug|x86.Build.0 = Debug|Any CPU
		{91D3E44E-7BBA-41EB-9F4C-0FCF310140AD}.Release|Any CPU.ActiveCfg = Release|Any CPU
		{91D3E44E-7BBA-41EB-9F4C-0FCF310140AD}.Release|Any CPU.Build.0 = Release|Any CPU
		{91D3E44E-7BBA-41EB-9F4C-0FCF310140AD}.Release|ARM.ActiveCfg = Release|Any CPU
		{91D3E44E-7BBA-41EB-9F4C-0FCF310140AD}.Release|ARM.Build.0 = Release|Any CPU
		{91D3E44E-7BBA-41EB-9F4C-0FCF310140AD}.Release|ARM64.ActiveCfg = Release|Any CPU
		{91D3E44E-7BBA-41EB-9F4C-0FCF310140AD}.Release|ARM64.Build.0 = Release|Any CPU
		{91D3E44E-7BBA-41EB-9F4C-0FCF310140AD}.Release|x64.ActiveCfg = Release|Any CPU
		{91D3E44E-7BBA-41EB-9F4C-0FCF310140AD}.Release|x64.Build.0 = Release|Any CPU
		{91D3E44E-7BBA-41EB-9F4C-0FCF310140AD}.Release|x86.ActiveCfg = Release|Any CPU
		{91D3E44E-7BBA-41EB-9F4C-0FCF310140AD}.Release|x86.Build.0 = Release|Any CPU
		{6DB37C6C-336E-4DE4-A9F0-341788D0320A}.Debug|Any CPU.ActiveCfg = Debug|Any CPU
		{6DB37C6C-336E-4DE4-A9F0-341788D0320A}.Debug|Any CPU.Build.0 = Debug|Any CPU
		{6DB37C6C-336E-4DE4-A9F0-341788D0320A}.Debug|ARM.ActiveCfg = Debug|Any CPU
		{6DB37C6C-336E-4DE4-A9F0-341788D0320A}.Debug|ARM.Build.0 = Debug|Any CPU
		{6DB37C6C-336E-4DE4-A9F0-341788D0320A}.Debug|ARM64.ActiveCfg = Debug|Any CPU
		{6DB37C6C-336E-4DE4-A9F0-341788D0320A}.Debug|ARM64.Build.0 = Debug|Any CPU
		{6DB37C6C-336E-4DE4-A9F0-341788D0320A}.Debug|x64.ActiveCfg = Debug|Any CPU
		{6DB37C6C-336E-4DE4-A9F0-341788D0320A}.Debug|x64.Build.0 = Debug|Any CPU
		{6DB37C6C-336E-4DE4-A9F0-341788D0320A}.Debug|x86.ActiveCfg = Debug|Any CPU
		{6DB37C6C-336E-4DE4-A9F0-341788D0320A}.Debug|x86.Build.0 = Debug|Any CPU
		{6DB37C6C-336E-4DE4-A9F0-341788D0320A}.Release|Any CPU.ActiveCfg = Release|Any CPU
		{6DB37C6C-336E-4DE4-A9F0-341788D0320A}.Release|Any CPU.Build.0 = Release|Any CPU
		{6DB37C6C-336E-4DE4-A9F0-341788D0320A}.Release|ARM.ActiveCfg = Release|Any CPU
		{6DB37C6C-336E-4DE4-A9F0-341788D0320A}.Release|ARM.Build.0 = Release|Any CPU
		{6DB37C6C-336E-4DE4-A9F0-341788D0320A}.Release|ARM64.ActiveCfg = Release|Any CPU
		{6DB37C6C-336E-4DE4-A9F0-341788D0320A}.Release|ARM64.Build.0 = Release|Any CPU
		{6DB37C6C-336E-4DE4-A9F0-341788D0320A}.Release|x64.ActiveCfg = Release|Any CPU
		{6DB37C6C-336E-4DE4-A9F0-341788D0320A}.Release|x64.Build.0 = Release|Any CPU
		{6DB37C6C-336E-4DE4-A9F0-341788D0320A}.Release|x86.ActiveCfg = Release|Any CPU
		{6DB37C6C-336E-4DE4-A9F0-341788D0320A}.Release|x86.Build.0 = Release|Any CPU
	EndGlobalSection
	GlobalSection(SolutionProperties) = preSolution
		HideSolutionNode = FALSE
	EndGlobalSection
	GlobalSection(ExtensibilityGlobals) = postSolution
		SolutionGuid = {6820108C-289D-4FBD-BFFA-E6248EBEBE2D}
	EndGlobalSection
EndGlobal
